// !$*UTF8*$!
{
	archiveVersion = 1;
	classes = {
	};
	objectVersion = 55;
	objects = {

/* Begin PBXBuildFile section */
		3F4E78B92899782100BB106A /* ReadMeApp.swift in Sources */ = {isa = PBXBuildFile; fileRef = 3F4E78B82899782100BB106A /* ReadMeApp.swift */; };
		3F4E78BB2899782100BB106A /* ContentView.swift in Sources */ = {isa = PBXBuildFile; fileRef = 3F4E78BA2899782100BB106A /* ContentView.swift */; };
		3F4E78BD2899782500BB106A /* Assets.xcassets in Resources */ = {isa = PBXBuildFile; fileRef = 3F4E78BC2899782500BB106A /* Assets.xcassets */; };
		3F4E78C02899782500BB106A /* Preview Assets.xcassets in Resources */ = {isa = PBXBuildFile; fileRef = 3F4E78BF2899782500BB106A /* Preview Assets.xcassets */; };
		3F4E78CA2899782500BB106A /* ReadMeTests.swift in Sources */ = {isa = PBXBuildFile; fileRef = 3F4E78C92899782500BB106A /* ReadMeTests.swift */; };
		3F4E78D42899782500BB106A /* ReadMeUITests.swift in Sources */ = {isa = PBXBuildFile; fileRef = 3F4E78D32899782500BB106A /* ReadMeUITests.swift */; };
		3F4E78D62899782500BB106A /* ReadMeUITestsLaunchTests.swift in Sources */ = {isa = PBXBuildFile; fileRef = 3F4E78D52899782500BB106A /* ReadMeUITestsLaunchTests.swift */; };
/* End PBXBuildFile section */

/* Begin PBXContainerItemProxy section */
		3F4E78C62899782500BB106A /* PBXContainerItemProxy */ = {
			isa = PBXContainerItemProxy;
			containerPortal = 3F4E78AD2899782100BB106A /* Project object */;
			proxyType = 1;
			remoteGlobalIDString = 3F4E78B42899782100BB106A;
			remoteInfo = ReadMe;
		};
		3F4E78D02899782500BB106A /* PBXContainerItemProxy */ = {
			isa = PBXContainerItemProxy;
			containerPortal = 3F4E78AD2899782100BB106A /* Project object */;
			proxyType = 1;
			remoteGlobalIDString = 3F4E78B42899782100BB106A;
			remoteInfo = ReadMe;
		};
/* End PBXContainerItemProxy section */

/* Begin PBXFileReference section */
		3F4E78B52899782100BB106A /* ReadMe.app */ = {isa = PBXFileReference; explicitFileType = wrapper.application; includeInIndex = 0; path = ReadMe.app; sourceTree = BUILT_PRODUCTS_DIR; };
		3F4E78B82899782100BB106A /* ReadMeApp.swift */ = {isa = PBXFileReference; lastKnownFileType = sourcecode.swift; path = ReadMeApp.swift; sourceTree = "<group>"; };
		3F4E78BA2899782100BB106A /* ContentView.swift */ = {isa = PBXFileReference; lastKnownFileType = sourcecode.swift; path = ContentView.swift; sourceTree = "<group>"; };
		3F4E78BC2899782500BB106A /* Assets.xcassets */ = {isa = PBXFileReference; lastKnownFileType = folder.assetcatalog; path = Assets.xcassets; sourceTree = "<group>"; };
		3F4E78BF2899782500BB106A /* Preview Assets.xcassets */ = {isa = PBXFileReference; lastKnownFileType = folder.assetcatalog; path = "Preview Assets.xcassets"; sourceTree = "<group>"; };
		3F4E78C52899782500BB106A /* ReadMeTests.xctest */ = {isa = PBXFileReference; explicitFileType = wrapper.cfbundle; includeInIndex = 0; path = ReadMeTests.xctest; sourceTree = BUILT_PRODUCTS_DIR; };
		3F4E78C92899782500BB106A /* ReadMeTests.swift */ = {isa = PBXFileReference; lastKnownFileType = sourcecode.swift; path = ReadMeTests.swift; sourceTree = "<group>"; };
		3F4E78CF2899782500BB106A /* ReadMeUITests.xctest */ = {isa = PBXFileReference; explicitFileType = wrapper.cfbundle; includeInIndex = 0; path = ReadMeUITests.xctest; sourceTree = BUILT_PRODUCTS_DIR; };
		3F4E78D32899782500BB106A /* ReadMeUITests.swift */ = {isa = PBXFileReference; lastKnownFileType = sourcecode.swift; path = ReadMeUITests.swift; sourceTree = "<group>"; };
		3F4E78D52899782500BB106A /* ReadMeUITestsLaunchTests.swift */ = {isa = PBXFileReference; lastKnownFileType = sourcecode.swift; path = ReadMeUITestsLaunchTests.swift; sourceTree = "<group>"; };
/* End PBXFileReference section */

/* Begin PBXFrameworksBuildPhase section */
		3F4E78B22899782100BB106A /* Frameworks */ = {
			isa = PBXFrameworksBuildPhase;
			buildActionMask = 2147483647;
			files = (
			);
			runOnlyForDeploymentPostprocessing = 0;
		};
		3F4E78C22899782500BB106A /* Frameworks */ = {
			isa = PBXFrameworksBuildPhase;
			buildActionMask = 2147483647;
			files = (
			);
			runOnlyForDeploymentPostprocessing = 0;
		};
		3F4E78CC2899782500BB106A /* Frameworks */ = {
			isa = PBXFrameworksBuildPhase;
			buildActionMask = 2147483647;
			files = (
			);
			runOnlyForDeploymentPostprocessing = 0;
		};
/* End PBXFrameworksBuildPhase section */

/* Begin PBXGroup section */
		3F4E78AC2899782100BB106A = {
			isa = PBXGroup;
			children = (
				3F4E78B72899782100BB106A /* ReadMe */,
				3F4E78C82899782500BB106A /* ReadMeTests */,
				3F4E78D22899782500BB106A /* ReadMeUITests */,
				3F4E78B62899782100BB106A /* Products */,
			);
			sourceTree = "<group>";
		};
		3F4E78B62899782100BB106A /* Products */ = {
			isa = PBXGroup;
			children = (
				3F4E78B52899782100BB106A /* ReadMe.app */,
				3F4E78C52899782500BB106A /* ReadMeTests.xctest */,
				3F4E78CF2899782500BB106A /* ReadMeUITests.xctest */,
			);
			name = Products;
			sourceTree = "<group>";
		};
		3F4E78B72899782100BB106A /* ReadMe */ = {
			isa = PBXGroup;
			children = (
				3F4E78B82899782100BB106A /* ReadMeApp.swift */,
				3F4E78BA2899782100BB106A /* ContentView.swift */,
				3F4E78BC2899782500BB106A /* Assets.xcassets */,
				3F4E78BE2899782500BB106A /* Preview Content */,
			);
			path = ReadMe;
			sourceTree = "<group>";
		};
		3F4E78BE2899782500BB106A /* Preview Content */ = {
			isa = PBXGroup;
			children = (
				3F4E78BF2899782500BB106A /* Preview Assets.xcassets */,
			);
			path = "Preview Content";
			sourceTree = "<group>";
		};
		3F4E78C82899782500BB106A /* ReadMeTests */ = {
			isa = PBXGroup;
			children = (
				3F4E78C92899782500BB106A /* ReadMeTests.swift */,
			);
			path = ReadMeTests;
			sourceTree = "<group>";
		};
		3F4E78D22899782500BB106A /* ReadMeUITests */ = {
			isa = PBXGroup;
			children = (
				3F4E78D32899782500BB106A /* ReadMeUITests.swift */,
				3F4E78D52899782500BB106A /* ReadMeUITestsLaunchTests.swift */,
			);
			path = ReadMeUITests;
			sourceTree = "<group>";
		};
/* End PBXGroup section */

/* Begin PBXNativeTarget section */
		3F4E78B42899782100BB106A /* ReadMe */ = {
			isa = PBXNativeTarget;
			buildConfigurationList = 3F4E78D92899782500BB106A /* Build configuration list for PBXNativeTarget "ReadMe" */;
			buildPhases = (
				3F4E78B12899782100BB106A /* Sources */,
				3F4E78B22899782100BB106A /* Frameworks */,
				3F4E78B32899782100BB106A /* Resources */,
			);
			buildRules = (
			);
			dependencies = (
			);
			name = ReadMe;
			productName = ReadMe;
			productReference = 3F4E78B52899782100BB106A /* ReadMe.app */;
			productType = "com.apple.product-type.application";
		};
		3F4E78C42899782500BB106A /* ReadMeTests */ = {
			isa = PBXNativeTarget;
			buildConfigurationList = 3F4E78DC2899782500BB106A /* Build configuration list for PBXNativeTarget "ReadMeTests" */;
			buildPhases = (
				3F4E78C12899782500BB106A /* Sources */,
				3F4E78C22899782500BB106A /* Frameworks */,
				3F4E78C32899782500BB106A /* Resources */,
			);
			buildRules = (
			);
			dependencies = (
				3F4E78C72899782500BB106A /* PBXTargetDependency */,
			);
			name = ReadMeTests;
			productName = ReadMeTests;
			productReference = 3F4E78C52899782500BB106A /* ReadMeTests.xctest */;
			productType = "com.apple.product-type.bundle.unit-test";
		};
		3F4E78CE2899782500BB106A /* ReadMeUITests */ = {
			isa = PBXNativeTarget;
			buildConfigurationList = 3F4E78DF2899782500BB106A /* Build configuration list for PBXNativeTarget "ReadMeUITests" */;
			buildPhases = (
				3F4E78CB2899782500BB106A /* Sources */,
				3F4E78CC2899782500BB106A /* Frameworks */,
				3F4E78CD2899782500BB106A /* Resources */,
			);
			buildRules = (
			);
			dependencies = (
				3F4E78D12899782500BB106A /* PBXTargetDependency */,
			);
			name = ReadMeUITests;
			productName = ReadMeUITests;
			productReference = 3F4E78CF2899782500BB106A /* ReadMeUITests.xctest */;
			productType = "com.apple.product-type.bundle.ui-testing";
		};
/* End PBXNativeTarget section */

/* Begin PBXProject section */
		3F4E78AD2899782100BB106A /* Project object */ = {
			isa = PBXProject;
			attributes = {
				BuildIndependentTargetsInParallel = 1;
				LastSwiftUpdateCheck = 1340;
				LastUpgradeCheck = 1340;
				TargetAttributes = {
					3F4E78B42899782100BB106A = {
						CreatedOnToolsVersion = 13.4.1;
					};
					3F4E78C42899782500BB106A = {
						CreatedOnToolsVersion = 13.4.1;
						TestTargetID = 3F4E78B42899782100BB106A;
					};
					3F4E78CE2899782500BB106A = {
						CreatedOnToolsVersion = 13.4.1;
						TestTargetID = 3F4E78B42899782100BB106A;
					};
				};
			};
			buildConfigurationList = 3F4E78B02899782100BB106A /* Build configuration list for PBXProject "ReadMe" */;
			compatibilityVersion = "Xcode 13.0";
			developmentRegion = en;
			hasScannedForEncodings = 0;
			knownRegions = (
				en,
				Base,
			);
			mainGroup = 3F4E78AC2899782100BB106A;
			productRefGroup = 3F4E78B62899782100BB106A /* Products */;
			projectDirPath = "";
			projectRoot = "";
			targets = (
				3F4E78B42899782100BB106A /* ReadMe */,
				3F4E78C42899782500BB106A /* ReadMeTests */,
				3F4E78CE2899782500BB106A /* ReadMeUITests */,
			);
		};
/* End PBXProject section */

/* Begin PBXResourcesBuildPhase section */
		3F4E78B32899782100BB106A /* Resources */ = {
			isa = PBXResourcesBuildPhase;
			buildActionMask = 2147483647;
			files = (
				3F4E78C02899782500BB106A /* Preview Assets.xcassets in Resources */,
				3F4E78BD2899782500BB106A /* Assets.xcassets in Resources */,
			);
			runOnlyForDeploymentPostprocessing = 0;
		};
		3F4E78C32899782500BB106A /* Resources */ = {
			isa = PBXResourcesBuildPhase;
			buildActionMask = 2147483647;
			files = (
			);
			runOnlyForDeploymentPostprocessing = 0;
		};
		3F4E78CD2899782500BB106A /* Resources */ = {
			isa = PBXResourcesBuildPhase;
			buildActionMask = 2147483647;
			files = (
			);
			runOnlyForDeploymentPostprocessing = 0;
		};
/* End PBXResourcesBuildPhase section */

/* Begin PBXSourcesBuildPhase section */
		3F4E78B12899782100BB106A /* Sources */ = {
			isa = PBXSourcesBuildPhase;
			buildActionMask = 2147483647;
			files = (
				3F4E78BB2899782100BB106A /* ContentView.swift in Sources */,
				3F4E78B92899782100BB106A /* ReadMeApp.swift in Sources */,
			);
			runOnlyForDeploymentPostprocessing = 0;
		};
		3F4E78C12899782500BB106A /* Sources */ = {
			isa = PBXSourcesBuildPhase;
			buildActionMask = 2147483647;
			files = (
				3F4E78CA2899782500BB106A /* ReadMeTests.swift in Sources */,
			);
			runOnlyForDeploymentPostprocessing = 0;
		};
		3F4E78CB2899782500BB106A /* Sources */ = {
			isa = PBXSourcesBuildPhase;
			buildActionMask = 2147483647;
			files = (
				3F4E78D62899782500BB106A /* ReadMeUITestsLaunchTests.swift in Sources */,
				3F4E78D42899782500BB106A /* ReadMeUITests.swift in Sources */,
			);
			runOnlyForDeploymentPostprocessing = 0;
		};
/* End PBXSourcesBuildPhase section */

/* Begin PBXTargetDependency section */
		3F4E78C72899782500BB106A /* PBXTargetDependency */ = {
			isa = PBXTargetDependency;
			target = 3F4E78B42899782100BB106A /* ReadMe */;
			targetProxy = 3F4E78C62899782500BB106A /* PBXContainerItemProxy */;
		};
		3F4E78D12899782500BB106A /* PBXTargetDependency */ = {
			isa = PBXTargetDependency;
			target = 3F4E78B42899782100BB106A /* ReadMe */;
			targetProxy = 3F4E78D02899782500BB106A /* PBXContainerItemProxy */;
		};
/* End PBXTargetDependency section */

/* Begin XCBuildConfiguration section */
		3F4E78D72899782500BB106A /* Debug */ = {
			isa = XCBuildConfiguration;
			buildSettings = {
				ALWAYS_SEARCH_USER_PATHS = NO;
				CLANG_ANALYZER_NONNULL = YES;
				CLANG_ANALYZER_NUMBER_OBJECT_CONVERSION = YES_AGGRESSIVE;
				CLANG_CXX_LANGUAGE_STANDARD = "gnu++17";
				CLANG_ENABLE_MODULES = YES;
				CLANG_ENABLE_OBJC_ARC = YES;
				CLANG_ENABLE_OBJC_WEAK = YES;
				CLANG_WARN_BLOCK_CAPTURE_AUTORELEASING = YES;
				CLANG_WARN_BOOL_CONVERSION = YES;
				CLANG_WARN_COMMA = YES;
				CLANG_WARN_CONSTANT_CONVERSION = YES;
				CLANG_WARN_DEPRECATED_OBJC_IMPLEMENTATIONS = YES;
				CLANG_WARN_DIRECT_OBJC_ISA_USAGE = YES_ERROR;
				CLANG_WARN_DOCUMENTATION_COMMENTS = YES;
				CLANG_WARN_EMPTY_BODY = YES;
				CLANG_WARN_ENUM_CONVERSION = YES;
				CLANG_WARN_INFINITE_RECURSION = YES;
				CLANG_WARN_INT_CONVERSION = YES;
				CLANG_WARN_NON_LITERAL_NULL_CONVERSION = YES;
				CLANG_WARN_OBJC_IMPLICIT_RETAIN_SELF = YES;
				CLANG_WARN_OBJC_LITERAL_CONVERSION = YES;
				CLANG_WARN_OBJC_ROOT_CLASS = YES_ERROR;
				CLANG_WARN_QUOTED_INCLUDE_IN_FRAMEWORK_HEADER = YES;
				CLANG_WARN_RANGE_LOOP_ANALYSIS = YES;
				CLANG_WARN_STRICT_PROTOTYPES = YES;
				CLANG_WARN_SUSPICIOUS_MOVE = YES;
				CLANG_WARN_UNGUARDED_AVAILABILITY = YES_AGGRESSIVE;
				CLANG_WARN_UNREACHABLE_CODE = YES;
				CLANG_WARN__DUPLICATE_METHOD_MATCH = YES;
				COPY_PHASE_STRIP = NO;
				DEBUG_INFORMATION_FORMAT = dwarf;
				ENABLE_STRICT_OBJC_MSGSEND = YES;
				ENABLE_TESTABILITY = YES;
				GCC_C_LANGUAGE_STANDARD = gnu11;
				GCC_DYNAMIC_NO_PIC = NO;
				GCC_NO_COMMON_BLOCKS = YES;
				GCC_OPTIMIZATION_LEVEL = 0;
				GCC_PREPROCESSOR_DEFINITIONS = (
					"DEBUG=1",
					"$(inherited)",
				);
				GCC_WARN_64_TO_32_BIT_CONVERSION = YES;
				GCC_WARN_ABOUT_RETURN_TYPE = YES_ERROR;
				GCC_WARN_UNDECLARED_SELECTOR = YES;
				GCC_WARN_UNINITIALIZED_AUTOS = YES_AGGRESSIVE;
				GCC_WARN_UNUSED_FUNCTION = YES;
				GCC_WARN_UNUSED_VARIABLE = YES;
				IPHONEOS_DEPLOYMENT_TARGET = 15.5;
				MTL_ENABLE_DEBUG_INFO = INCLUDE_SOURCE;
				MTL_FAST_MATH = YES;
				ONLY_ACTIVE_ARCH = YES;
				SDKROOT = iphoneos;
				SWIFT_ACTIVE_COMPILATION_CONDITIONS = DEBUG;
				SWIFT_OPTIMIZATION_LEVEL = "-Onone";
			};
			name = Debug;
		};
		3F4E78D82899782500BB106A /* Release */ = {
			isa = XCBuildConfiguration;
			buildSettings = {
				ALWAYS_SEARCH_USER_PATHS = NO;
				CLANG_ANALYZER_NONNULL = YES;
				CLANG_ANALYZER_NUMBER_OBJECT_CONVERSION = YES_AGGRESSIVE;
				CLANG_CXX_LANGUAGE_STANDARD = "gnu++17";
				CLANG_ENABLE_MODULES = YES;
				CLANG_ENABLE_OBJC_ARC = YES;
				CLANG_ENABLE_OBJC_WEAK = YES;
				CLANG_WARN_BLOCK_CAPTURE_AUTORELEASING = YES;
				CLANG_WARN_BOOL_CONVERSION = YES;
				CLANG_WARN_COMMA = YES;
				CLANG_WARN_CONSTANT_CONVERSION = YES;
				CLANG_WARN_DEPRECATED_OBJC_IMPLEMENTATIONS = YES;
				CLANG_WARN_DIRECT_OBJC_ISA_USAGE = YES_ERROR;
				CLANG_WARN_DOCUMENTATION_COMMENTS = YES;
				CLANG_WARN_EMPTY_BODY = YES;
				CLANG_WARN_ENUM_CONVERSION = YES;
				CLANG_WARN_INFINITE_RECURSION = YES;
				CLANG_WARN_INT_CONVERSION = YES;
				CLANG_WARN_NON_LITERAL_NULL_CONVERSION = YES;
				CLANG_WARN_OBJC_IMPLICIT_RETAIN_SELF = YES;
				CLANG_WARN_OBJC_LITERAL_CONVERSION = YES;
				CLANG_WARN_OBJC_ROOT_CLASS = YES_ERROR;
				CLANG_WARN_QUOTED_INCLUDE_IN_FRAMEWORK_HEADER = YES;
				CLANG_WARN_RANGE_LOOP_ANALYSIS = YES;
				CLANG_WARN_STRICT_PROTOTYPES = YES;
				CLANG_WARN_SUSPICIOUS_MOVE = YES;
				CLANG_WARN_UNGUARDED_AVAILABILITY = YES_AGGRESSIVE;
				CLANG_WARN_UNREACHABLE_CODE = YES;
				CLANG_WARN__DUPLICATE_METHOD_MATCH = YES;
				COPY_PHASE_STRIP = NO;
				DEBUG_INFORMATION_FORMAT = "dwarf-with-dsym";
				ENABLE_NS_ASSERTIONS = NO;
				ENABLE_STRICT_OBJC_MSGSEND = YES;
				GCC_C_LANGUAGE_STANDARD = gnu11;
				GCC_NO_COMMON_BLOCKS = YES;
				GCC_WARN_64_TO_32_BIT_CONVERSION = YES;
				GCC_WARN_ABOUT_RETURN_TYPE = YES_ERROR;
				GCC_WARN_UNDECLARED_SELECTOR = YES;
				GCC_WARN_UNINITIALIZED_AUTOS = YES_AGGRESSIVE;
				GCC_WARN_UNUSED_FUNCTION = YES;
				GCC_WARN_UNUSED_VARIABLE = YES;
				IPHONEOS_DEPLOYMENT_TARGET = 15.5;
				MTL_ENABLE_DEBUG_INFO = NO;
				MTL_FAST_MATH = YES;
				SDKROOT = iphoneos;
				SWIFT_COMPILATION_MODE = wholemodule;
				SWIFT_OPTIMIZATION_LEVEL = "-O";
				VALIDATE_PRODUCT = YES;
			};
			name = Release;
		};
		3F4E78DA2899782500BB106A /* Debug */ = {
			isa = XCBuildConfiguration;
			buildSettings = {
				ASSETCATALOG_COMPILER_APPICON_NAME = AppIcon;
				ASSETCATALOG_COMPILER_GLOBAL_ACCENT_COLOR_NAME = AccentColor;
				CODE_SIGN_STYLE = Automatic;
				CURRENT_PROJECT_VERSION = 1;
				DEVELOPMENT_ASSET_PATHS = "\"ReadMe/Preview Content\"";
				ENABLE_PREVIEWS = YES;
				GENERATE_INFOPLIST_FILE = YES;
				INFOPLIST_KEY_UIApplicationSceneManifest_Generation = YES;
				INFOPLIST_KEY_UIApplicationSupportsIndirectInputEvents = YES;
				INFOPLIST_KEY_UILaunchScreen_Generation = YES;
				INFOPLIST_KEY_UISupportedInterfaceOrientations_iPad = "UIInterfaceOrientationPortrait UIInterfaceOrientationPortraitUpsideDown UIInterfaceOrientationLandscapeLeft UIInterfaceOrientationLandscapeRight";
				INFOPLIST_KEY_UISupportedInterfaceOrientations_iPhone = "UIInterfaceOrientationPortrait UIInterfaceOrientationLandscapeLeft UIInterfaceOrientationLandscapeRight";
				LD_RUNPATH_SEARCH_PATHS = (
					"$(inherited)",
					"@executable_path/Frameworks",
				);
				MARKETING_VERSION = 1.0;
				PRODUCT_BUNDLE_IDENTIFIER = com.kimkim.ReadMe;
				PRODUCT_NAME = "$(TARGET_NAME)";
				SWIFT_EMIT_LOC_STRINGS = YES;
				SWIFT_VERSION = 5.0;
				TARGETED_DEVICE_FAMILY = "1,2";
			};
			name = Debug;
		};
		3F4E78DB2899782500BB106A /* Release */ = {
			isa = XCBuildConfiguration;
			buildSettings = {
				ASSETCATALOG_COMPILER_APPICON_NAME = AppIcon;
				ASSETCATALOG_COMPILER_GLOBAL_ACCENT_COLOR_NAME = AccentColor;
				CODE_SIGN_STYLE = Automatic;
				CURRENT_PROJECT_VERSION = 1;
				DEVELOPMENT_ASSET_PATHS = "\"ReadMe/Preview Content\"";
				ENABLE_PREVIEWS = YES;
				GENERATE_INFOPLIST_FILE = YES;
				INFOPLIST_KEY_UIApplicationSceneManifest_Generation = YES;
				INFOPLIST_KEY_UIApplicationSupportsIndirectInputEvents = YES;
				INFOPLIST_KEY_UILaunchScreen_Generation = YES;
				INFOPLIST_KEY_UISupportedInterfaceOrientations_iPad = "UIInterfaceOrientationPortrait UIInterfaceOrientationPortraitUpsideDown UIInterfaceOrientationLandscapeLeft UIInterfaceOrientationLandscapeRight";
				INFOPLIST_KEY_UISupportedInterfaceOrientations_iPhone = "UIInterfaceOrientationPortrait UIInterfaceOrientationLandscapeLeft UIInterfaceOrientationLandscapeRight";
				LD_RUNPATH_SEARCH_PATHS = (
					"$(inherited)",
					"@executable_path/Frameworks",
				);
				MARKETING_VERSION = 1.0;
				PRODUCT_BUNDLE_IDENTIFIER = com.kimkim.ReadMe;
				PRODUCT_NAME = "$(TARGET_NAME)";
				SWIFT_EMIT_LOC_STRINGS = YES;
				SWIFT_VERSION = 5.0;
				TARGETED_DEVICE_FAMILY = "1,2";
			};
			name = Release;
		};
		3F4E78DD2899782500BB106A /* Debug */ = {
			isa = XCBuildConfiguration;
			buildSettings = {
				ALWAYS_EMBED_SWIFT_STANDARD_LIBRARIES = YES;
				BUNDLE_LOADER = "$(TEST_HOST)";
				CODE_SIGN_STYLE = Automatic;
				CURRENT_PROJECT_VERSION = 1;
				GENERATE_INFOPLIST_FILE = YES;
				IPHONEOS_DEPLOYMENT_TARGET = 15.5;
				MARKETING_VERSION = 1.0;
				PRODUCT_BUNDLE_IDENTIFIER = com.kimkim.ReadMeTests;
				PRODUCT_NAME = "$(TARGET_NAME)";
				SWIFT_EMIT_LOC_STRINGS = NO;
				SWIFT_VERSION = 5.0;
				TARGETED_DEVICE_FAMILY = "1,2";
				TEST_HOST = "$(BUILT_PRODUCTS_DIR)/ReadMe.app/ReadMe";
			};
			name = Debug;
		};
		3F4E78DE2899782500BB106A /* Release */ = {
			isa = XCBuildConfiguration;
			buildSettings = {
				ALWAYS_EMBED_SWIFT_STANDARD_LIBRARIES = YES;
				BUNDLE_LOADER = "$(TEST_HOST)";
				CODE_SIGN_STYLE = Automatic;
				CURRENT_PROJECT_VERSION = 1;
				GENERATE_INFOPLIST_FILE = YES;
				IPHONEOS_DEPLOYMENT_TARGET = 15.5;
				MARKETING_VERSION = 1.0;
				PRODUCT_BUNDLE_IDENTIFIER = com.kimkim.ReadMeTests;
				PRODUCT_NAME = "$(TARGET_NAME)";
				SWIFT_EMIT_LOC_STRINGS = NO;
				SWIFT_VERSION = 5.0;
				TARGETED_DEVICE_FAMILY = "1,2";
				TEST_HOST = "$(BUILT_PRODUCTS_DIR)/ReadMe.app/ReadMe";
			};
			name = Release;
		};
		3F4E78E02899782500BB106A /* Debug */ = {
			isa = XCBuildConfiguration;
			buildSettings = {
				ALWAYS_EMBED_SWIFT_STANDARD_LIBRARIES = YES;
				CODE_SIGN_STYLE = Automatic;
				CURRENT_PROJECT_VERSION = 1;
				GENERATE_INFOPLIST_FILE = YES;
				MARKETING_VERSION = 1.0;
				PRODUCT_BUNDLE_IDENTIFIER = com.kimkim.ReadMeUITests;
				PRODUCT_NAME = "$(TARGET_NAME)";
				SWIFT_EMIT_LOC_STRINGS = NO;
				SWIFT_VERSION = 5.0;
				TARGETED_DEVICE_FAMILY = "1,2";
				TEST_TARGET_NAME = ReadMe;
			};
			name = Debug;
		};
		3F4E78E12899782500BB106A /* Release */ = {
			isa = XCBuildConfiguration;
			buildSettings = {
				ALWAYS_EMBED_SWIFT_STANDARD_LIBRARIES = YES;
				CODE_SIGN_STYLE = Automatic;
				CURRENT_PROJECT_VERSION = 1;
				GENERATE_INFOPLIST_FILE = YES;
				MARKETING_VERSION = 1.0;
				PRODUCT_BUNDLE_IDENTIFIER = com.kimkim.ReadMeUITests;
				PRODUCT_NAME = "$(TARGET_NAME)";
				SWIFT_EMIT_LOC_STRINGS = NO;
				SWIFT_VERSION = 5.0;
				TARGETED_DEVICE_FAMILY = "1,2";
				TEST_TARGET_NAME = ReadMe;
			};
			name = Release;
		};
/* End XCBuildConfiguration section */

/* Begin XCConfigurationList section */
		3F4E78B02899782100BB106A /* Build configuration list for PBXProject "ReadMe" */ = {
			isa = XCConfigurationList;
			buildConfigurations = (
				3F4E78D72899782500BB106A /* Debug */,
				3F4E78D82899782500BB106A /* Release */,
			);
			defaultConfigurationIsVisible = 0;
			defaultConfigurationName = Release;
		};
		3F4E78D92899782500BB106A /* Build configuration list for PBXNativeTarget "ReadMe" */ = {
			isa = XCConfigurationList;
			buildConfigurations = (
				3F4E78DA2899782500BB106A /* Debug */,
				3F4E78DB2899782500BB106A /* Release */,
			);
			defaultConfigurationIsVisible = 0;
			defaultConfigurationName = Release;
		};
		3F4E78DC2899782500BB106A /* Build configuration list for PBXNativeTarget "ReadMeTests" */ = {
			isa = XCConfigurationList;
			buildConfigurations = (
				3F4E78DD2899782500BB106A /* Debug */,
				3F4E78DE2899782500BB106A /* Release */,
			);
			defaultConfigurationIsVisible = 0;
			defaultConfigurationName = Release;
		};
		3F4E78DF2899782500BB106A /* Build configuration list for PBXNativeTarget "ReadMeUITests" */ = {
			isa = XCConfigurationList;
			buildConfigurations = (
				3F4E78E02899782500BB106A /* Debug */,
				3F4E78E12899782500BB106A /* Release */,
			);
			defaultConfigurationIsVisible = 0;
			defaultConfigurationName = Release;
		};
/* End XCConfigurationList section */
	};
	rootObject = 3F4E78AD2899782100BB106A /* Project object */;
}
